
Microsoft Visual Studio Solution File, Format Version 12.00
# Visual Studio Version 17
VisualStudioVersion = 17.9.34728.123
MinimumVisualStudioVersion = 10.0.40219.1
Project("{FAE04EC0-301F-11D3-BF4B-00C04F79EFBC}") = "adonet-db-videogame", "adonet-db-videogame.csproj", "{3805B1C5-D82B-4148-996B-23899DB8A5CA}"
EndProject
Global
	GlobalSection(SolutionConfigurationPlatforms) = preSolution
		Debug|Any CPU = Debug|Any CPU
		Release|Any CPU = Release|Any CPU
	EndGlobalSection
	GlobalSection(ProjectConfigurationPlatforms) = postSolution
		{3805B1C5-D82B-4148-996B-23899DB8A5CA}.Debug|Any CPU.ActiveCfg = Debug|Any CPU
		{3805B1C5-D82B-4148-996B-23899DB8A5CA}.Debug|Any CPU.Build.0 = Debug|Any CPU
		{3805B1C5-D82B-4148-996B-23899DB8A5CA}.Release|Any CPU.ActiveCfg = Release|Any CPU
		{3805B1C5-D82B-4148-996B-23899DB8A5CA}.Release|Any CPU.Build.0 = Release|Any CPU
	EndGlobalSection
	GlobalSection(SolutionProperties) = preSolution
		HideSolutionNode = FALSE
	EndGlobalSection
	GlobalSection(ExtensibilityGlobals) = postSolution
		SolutionGuid = {7FA8B8B7-49D6-4802-AE70-C7EB247A0820}
	EndGlobalSection
EndGlobal
